// !$*UTF8*$!
{
	archiveVersion = 1;
	classes = {
	};
	objectVersion = 55;
	objects = {

/* Begin PBXBuildFile section */
		0CF72A63284150F300BA08B2 /* AppDelegate.swift in Sources */ = {isa = PBXBuildFile; fileRef = 0CF72A62284150F300BA08B2 /* AppDelegate.swift */; };
		0CF72A65284150F300BA08B2 /* SceneDelegate.swift in Sources */ = {isa = PBXBuildFile; fileRef = 0CF72A64284150F300BA08B2 /* SceneDelegate.swift */; };
		0CF72A67284150F300BA08B2 /* ViewController.swift in Sources */ = {isa = PBXBuildFile; fileRef = 0CF72A66284150F300BA08B2 /* ViewController.swift */; };
		0CF72A6A284150F300BA08B2 /* Main.storyboard in Resources */ = {isa = PBXBuildFile; fileRef = 0CF72A68284150F300BA08B2 /* Main.storyboard */; };
		0CF72A6C284150F700BA08B2 /* Assets.xcassets in Resources */ = {isa = PBXBuildFile; fileRef = 0CF72A6B284150F700BA08B2 /* Assets.xcassets */; };
		0CF72A6F284150F700BA08B2 /* LaunchScreen.storyboard in Resources */ = {isa = PBXBuildFile; fileRef = 0CF72A6D284150F700BA08B2 /* LaunchScreen.storyboard */; };
		0CF72A7A284150F800BA08B2 /* DetayliTableViewKullanimiTests.swift in Sources */ = {isa = PBXBuildFile; fileRef = 0CF72A79284150F800BA08B2 /* DetayliTableViewKullanimiTests.swift */; };
		0CF72A84284150F800BA08B2 /* DetayliTableViewKullanimiUITests.swift in Sources */ = {isa = PBXBuildFile; fileRef = 0CF72A83284150F800BA08B2 /* DetayliTableViewKullanimiUITests.swift */; };
		0CF72A86284150F800BA08B2 /* DetayliTableViewKullanimiUITestsLaunchTests.swift in Sources */ = {isa = PBXBuildFile; fileRef = 0CF72A85284150F800BA08B2 /* DetayliTableViewKullanimiUITestsLaunchTests.swift */; };
		0CF72A932841512000BA08B2 /* Yemekler.swift in Sources */ = {isa = PBXBuildFile; fileRef = 0CF72A922841512000BA08B2 /* Yemekler.swift */; };
		0CF72A95284152BC00BA08B2 /* UrunTableViewCell.swift in Sources */ = {isa = PBXBuildFile; fileRef = 0CF72A94284152BC00BA08B2 /* UrunTableViewCell.swift */; };
		0CF72A972841688500BA08B2 /* DetayVC.swift in Sources */ = {isa = PBXBuildFile; fileRef = 0CF72A962841688500BA08B2 /* DetayVC.swift */; };
		0CF72A9F2841712200BA08B2 /* AnasayfaProtocols.swift in Sources */ = {isa = PBXBuildFile; fileRef = 0CF72A9E2841712200BA08B2 /* AnasayfaProtocols.swift */; };
		0CF72AAF2842311F00BA08B2 /* SepetProtocols.swift in Sources */ = {isa = PBXBuildFile; fileRef = 0CF72AAE2842311F00BA08B2 /* SepetProtocols.swift */; };
		0CF72AB12842325500BA08B2 /* SepetVC.swift in Sources */ = {isa = PBXBuildFile; fileRef = 0CF72AB02842325500BA08B2 /* SepetVC.swift */; };
		0CF72AB3284243AE00BA08B2 /* DetayInteractor.swift in Sources */ = {isa = PBXBuildFile; fileRef = 0CF72AB2284243AD00BA08B2 /* DetayInteractor.swift */; };
		0CF72AB5284244C700BA08B2 /* DetayRouter.swift in Sources */ = {isa = PBXBuildFile; fileRef = 0CF72AB4284244C700BA08B2 /* DetayRouter.swift */; };
		0CF72AB7284244D700BA08B2 /* DetayProtocols.swift in Sources */ = {isa = PBXBuildFile; fileRef = 0CF72AB6284244D700BA08B2 /* DetayProtocols.swift */; };
		0CF72AB9284244E400BA08B2 /* DetayPresenter.swift in Sources */ = {isa = PBXBuildFile; fileRef = 0CF72AB8284244E400BA08B2 /* DetayPresenter.swift */; };
		0CF72ABB28425B0900BA08B2 /* AnasayfaPresenter.swift in Sources */ = {isa = PBXBuildFile; fileRef = 0CF72ABA28425B0900BA08B2 /* AnasayfaPresenter.swift */; };
		0CF72ABD28425B5100BA08B2 /* AnasayfaInteractor.swift in Sources */ = {isa = PBXBuildFile; fileRef = 0CF72ABC28425B5100BA08B2 /* AnasayfaInteractor.swift */; };
		0CF72ABF28425BD700BA08B2 /* AnasayfaRouter.swift in Sources */ = {isa = PBXBuildFile; fileRef = 0CF72ABE28425BD700BA08B2 /* AnasayfaRouter.swift */; };
		0CF72AC12842610800BA08B2 /* YemeklerCevap.swift in Sources */ = {isa = PBXBuildFile; fileRef = 0CF72AC02842610800BA08B2 /* YemeklerCevap.swift */; };
		0CF72AC42842751200BA08B2 /* Sepet_Yemekler.swift in Sources */ = {isa = PBXBuildFile; fileRef = 0CF72AC32842751200BA08B2 /* Sepet_Yemekler.swift */; };
		0CF72AC62842752300BA08B2 /* Sepet_YemeklerCevap.swift in Sources */ = {isa = PBXBuildFile; fileRef = 0CF72AC52842752300BA08B2 /* Sepet_YemeklerCevap.swift */; };
		0CF72AC82842890B00BA08B2 /* SepetInteractor.swift in Sources */ = {isa = PBXBuildFile; fileRef = 0CF72AC72842890B00BA08B2 /* SepetInteractor.swift */; };
		0CF72ACA28428A4200BA08B2 /* SepetRouter.swift in Sources */ = {isa = PBXBuildFile; fileRef = 0CF72AC928428A4200BA08B2 /* SepetRouter.swift */; };
		0CF72ACC28428F9100BA08B2 /* SepetPresenter.swift in Sources */ = {isa = PBXBuildFile; fileRef = 0CF72ACB28428F9100BA08B2 /* SepetPresenter.swift */; };
		0CF72AD228429C2400BA08B2 /* SepetTableViewCell.swift in Sources */ = {isa = PBXBuildFile; fileRef = 0CF72AD128429C2400BA08B2 /* SepetTableViewCell.swift */; };
		0CF72AD62842AEF700BA08B2 /* Kingfisher in Frameworks */ = {isa = PBXBuildFile; productRef = 0CF72AD52842AEF700BA08B2 /* Kingfisher */; };
/* End PBXBuildFile section */

/* Begin PBXContainerItemProxy section */
		0CF72A76284150F800BA08B2 /* PBXContainerItemProxy */ = {
			isa = PBXContainerItemProxy;
			containerPortal = 0CF72A57284150F300BA08B2 /* Project object */;
			proxyType = 1;
			remoteGlobalIDString = 0CF72A5E284150F300BA08B2;
			remoteInfo = DetayliTableViewKullanimi;
		};
		0CF72A80284150F800BA08B2 /* PBXContainerItemProxy */ = {
			isa = PBXContainerItemProxy;
			containerPortal = 0CF72A57284150F300BA08B2 /* Project object */;
			proxyType = 1;
			remoteGlobalIDString = 0CF72A5E284150F300BA08B2;
			remoteInfo = DetayliTableViewKullanimi;
		};
/* End PBXContainerItemProxy section */

/* Begin PBXFileReference section */
		0CF72A5F284150F300BA08B2 /* DetayliTableViewKullanimi.app */ = {isa = PBXFileReference; explicitFileType = wrapper.application; includeInIndex = 0; path = DetayliTableViewKullanimi.app; sourceTree = BUILT_PRODUCTS_DIR; };
		0CF72A62284150F300BA08B2 /* AppDelegate.swift */ = {isa = PBXFileReference; lastKnownFileType = sourcecode.swift; path = AppDelegate.swift; sourceTree = "<group>"; };
		0CF72A64284150F300BA08B2 /* SceneDelegate.swift */ = {isa = PBXFileReference; lastKnownFileType = sourcecode.swift; path = SceneDelegate.swift; sourceTree = "<group>"; };
		0CF72A66284150F300BA08B2 /* ViewController.swift */ = {isa = PBXFileReference; lastKnownFileType = sourcecode.swift; path = ViewController.swift; sourceTree = "<group>"; };
		0CF72A69284150F300BA08B2 /* Base */ = {isa = PBXFileReference; lastKnownFileType = file.storyboard; name = Base; path = Base.lproj/Main.storyboard; sourceTree = "<group>"; };
		0CF72A6B284150F700BA08B2 /* Assets.xcassets */ = {isa = PBXFileReference; lastKnownFileType = folder.assetcatalog; path = Assets.xcassets; sourceTree = "<group>"; };
		0CF72A6E284150F700BA08B2 /* Base */ = {isa = PBXFileReference; lastKnownFileType = file.storyboard; name = Base; path = Base.lproj/LaunchScreen.storyboard; sourceTree = "<group>"; };
		0CF72A70284150F700BA08B2 /* Info.plist */ = {isa = PBXFileReference; lastKnownFileType = text.plist.xml; path = Info.plist; sourceTree = "<group>"; };
		0CF72A75284150F800BA08B2 /* DetayliTableViewKullanimiTests.xctest */ = {isa = PBXFileReference; explicitFileType = wrapper.cfbundle; includeInIndex = 0; path = DetayliTableViewKullanimiTests.xctest; sourceTree = BUILT_PRODUCTS_DIR; };
		0CF72A79284150F800BA08B2 /* DetayliTableViewKullanimiTests.swift */ = {isa = PBXFileReference; lastKnownFileType = sourcecode.swift; path = DetayliTableViewKullanimiTests.swift; sourceTree = "<group>"; };
		0CF72A7F284150F800BA08B2 /* DetayliTableViewKullanimiUITests.xctest */ = {isa = PBXFileReference; explicitFileType = wrapper.cfbundle; includeInIndex = 0; path = DetayliTableViewKullanimiUITests.xctest; sourceTree = BUILT_PRODUCTS_DIR; };
		0CF72A83284150F800BA08B2 /* DetayliTableViewKullanimiUITests.swift */ = {isa = PBXFileReference; lastKnownFileType = sourcecode.swift; path = DetayliTableViewKullanimiUITests.swift; sourceTree = "<group>"; };
		0CF72A85284150F800BA08B2 /* DetayliTableViewKullanimiUITestsLaunchTests.swift */ = {isa = PBXFileReference; lastKnownFileType = sourcecode.swift; path = DetayliTableViewKullanimiUITestsLaunchTests.swift; sourceTree = "<group>"; };
		0CF72A922841512000BA08B2 /* Yemekler.swift */ = {isa = PBXFileReference; lastKnownFileType = sourcecode.swift; path = Yemekler.swift; sourceTree = "<group>"; };
		0CF72A94284152BC00BA08B2 /* UrunTableViewCell.swift */ = {isa = PBXFileReference; lastKnownFileType = sourcecode.swift; path = UrunTableViewCell.swift; sourceTree = "<group>"; };
		0CF72A962841688500BA08B2 /* DetayVC.swift */ = {isa = PBXFileReference; lastKnownFileType = sourcecode.swift; path = DetayVC.swift; sourceTree = "<group>"; };
		0CF72A9E2841712200BA08B2 /* AnasayfaProtocols.swift */ = {isa = PBXFileReference; lastKnownFileType = sourcecode.swift; path = AnasayfaProtocols.swift; sourceTree = "<group>"; };
		0CF72AAE2842311F00BA08B2 /* SepetProtocols.swift */ = {isa = PBXFileReference; lastKnownFileType = sourcecode.swift; path = SepetProtocols.swift; sourceTree = "<group>"; };
		0CF72AB02842325500BA08B2 /* SepetVC.swift */ = {isa = PBXFileReference; lastKnownFileType = sourcecode.swift; path = SepetVC.swift; sourceTree = "<group>"; };
		0CF72AB2284243AD00BA08B2 /* DetayInteractor.swift */ = {isa = PBXFileReference; lastKnownFileType = sourcecode.swift; path = DetayInteractor.swift; sourceTree = "<group>"; };
		0CF72AB4284244C700BA08B2 /* DetayRouter.swift */ = {isa = PBXFileReference; lastKnownFileType = sourcecode.swift; path = DetayRouter.swift; sourceTree = "<group>"; };
		0CF72AB6284244D700BA08B2 /* DetayProtocols.swift */ = {isa = PBXFileReference; lastKnownFileType = sourcecode.swift; path = DetayProtocols.swift; sourceTree = "<group>"; };
		0CF72AB8284244E400BA08B2 /* DetayPresenter.swift */ = {isa = PBXFileReference; lastKnownFileType = sourcecode.swift; path = DetayPresenter.swift; sourceTree = "<group>"; };
		0CF72ABA28425B0900BA08B2 /* AnasayfaPresenter.swift */ = {isa = PBXFileReference; lastKnownFileType = sourcecode.swift; path = AnasayfaPresenter.swift; sourceTree = "<group>"; };
		0CF72ABC28425B5100BA08B2 /* AnasayfaInteractor.swift */ = {isa = PBXFileReference; lastKnownFileType = sourcecode.swift; path = AnasayfaInteractor.swift; sourceTree = "<group>"; };
		0CF72ABE28425BD700BA08B2 /* AnasayfaRouter.swift */ = {isa = PBXFileReference; lastKnownFileType = sourcecode.swift; path = AnasayfaRouter.swift; sourceTree = "<group>"; };
		0CF72AC02842610800BA08B2 /* YemeklerCevap.swift */ = {isa = PBXFileReference; lastKnownFileType = sourcecode.swift; path = YemeklerCevap.swift; sourceTree = "<group>"; };
		0CF72AC32842751200BA08B2 /* Sepet_Yemekler.swift */ = {isa = PBXFileReference; lastKnownFileType = sourcecode.swift; path = Sepet_Yemekler.swift; sourceTree = "<group>"; };
		0CF72AC52842752300BA08B2 /* Sepet_YemeklerCevap.swift */ = {isa = PBXFileReference; lastKnownFileType = sourcecode.swift; path = Sepet_YemeklerCevap.swift; sourceTree = "<group>"; };
		0CF72AC72842890B00BA08B2 /* SepetInteractor.swift */ = {isa = PBXFileReference; lastKnownFileType = sourcecode.swift; path = SepetInteractor.swift; sourceTree = "<group>"; };
		0CF72AC928428A4200BA08B2 /* SepetRouter.swift */ = {isa = PBXFileReference; lastKnownFileType = sourcecode.swift; path = SepetRouter.swift; sourceTree = "<group>"; };
		0CF72ACB28428F9100BA08B2 /* SepetPresenter.swift */ = {isa = PBXFileReference; lastKnownFileType = sourcecode.swift; path = SepetPresenter.swift; sourceTree = "<group>"; };
		0CF72AD128429C2400BA08B2 /* SepetTableViewCell.swift */ = {isa = PBXFileReference; lastKnownFileType = sourcecode.swift; path = SepetTableViewCell.swift; sourceTree = "<group>"; };
/* End PBXFileReference section */

/* Begin PBXFrameworksBuildPhase section */
		0CF72A5C284150F300BA08B2 /* Frameworks */ = {
			isa = PBXFrameworksBuildPhase;
			buildActionMask = 2147483647;
			files = (
				0CF72AD62842AEF700BA08B2 /* Kingfisher in Frameworks */,
			);
			runOnlyForDeploymentPostprocessing = 0;
		};
		0CF72A72284150F800BA08B2 /* Frameworks */ = {
			isa = PBXFrameworksBuildPhase;
			buildActionMask = 2147483647;
			files = (
			);
			runOnlyForDeploymentPostprocessing = 0;
		};
		0CF72A7C284150F800BA08B2 /* Frameworks */ = {
			isa = PBXFrameworksBuildPhase;
			buildActionMask = 2147483647;
			files = (
			);
			runOnlyForDeploymentPostprocessing = 0;
		};
/* End PBXFrameworksBuildPhase section */

/* Begin PBXGroup section */
		0CF72A56284150F300BA08B2 = {
			isa = PBXGroup;
			children = (
				0CF72A61284150F300BA08B2 /* DetayliTableViewKullanimi */,
				0CF72A78284150F800BA08B2 /* DetayliTableViewKullanimiTests */,
				0CF72A82284150F800BA08B2 /* DetayliTableViewKullanimiUITests */,
				0CF72A60284150F300BA08B2 /* Products */,
			);
			sourceTree = "<group>";
		};
		0CF72A60284150F300BA08B2 /* Products */ = {
			isa = PBXGroup;
			children = (
				0CF72A5F284150F300BA08B2 /* DetayliTableViewKullanimi.app */,
				0CF72A75284150F800BA08B2 /* DetayliTableViewKullanimiTests.xctest */,
				0CF72A7F284150F800BA08B2 /* DetayliTableViewKullanimiUITests.xctest */,
			);
			name = Products;
			sourceTree = "<group>";
		};
		0CF72A61284150F300BA08B2 /* DetayliTableViewKullanimi */ = {
			isa = PBXGroup;
			children = (
				0CF72A62284150F300BA08B2 /* AppDelegate.swift */,
				0CF72A64284150F300BA08B2 /* SceneDelegate.swift */,
				0CF72A68284150F300BA08B2 /* Main.storyboard */,
				0CF72AA728422FE400BA08B2 /* sepet-module */,
				0CF72A98284170E300BA08B2 /* anasayfa-module */,
				0CF72AA1284172A800BA08B2 /* detay-module */,
				0CF72AC2284274C700BA08B2 /* entity */,
				0CF72A6B284150F700BA08B2 /* Assets.xcassets */,
				0CF72A6D284150F700BA08B2 /* LaunchScreen.storyboard */,
				0CF72A70284150F700BA08B2 /* Info.plist */,
			);
			path = DetayliTableViewKullanimi;
			sourceTree = "<group>";
		};
		0CF72A78284150F800BA08B2 /* DetayliTableViewKullanimiTests */ = {
			isa = PBXGroup;
			children = (
				0CF72A79284150F800BA08B2 /* DetayliTableViewKullanimiTests.swift */,
			);
			path = DetayliTableViewKullanimiTests;
			sourceTree = "<group>";
		};
		0CF72A82284150F800BA08B2 /* DetayliTableViewKullanimiUITests */ = {
			isa = PBXGroup;
			children = (
				0CF72A83284150F800BA08B2 /* DetayliTableViewKullanimiUITests.swift */,
				0CF72A85284150F800BA08B2 /* DetayliTableViewKullanimiUITestsLaunchTests.swift */,
			);
			path = DetayliTableViewKullanimiUITests;
			sourceTree = "<group>";
		};
		0CF72A98284170E300BA08B2 /* anasayfa-module */ = {
			isa = PBXGroup;
			children = (
				0CF72AA02841726000BA08B2 /* tableview */,
				0CF72A9D2841711000BA08B2 /* view */,
				0CF72A9C2841710B00BA08B2 /* presenter */,
				0CF72A9B2841710200BA08B2 /* interactor */,
				0CF72A9A284170FD00BA08B2 /* router */,
				0CF72A99284170EE00BA08B2 /* protocols */,
			);
			path = "anasayfa-module";
			sourceTree = "<group>";
		};
		0CF72A99284170EE00BA08B2 /* protocols */ = {
			isa = PBXGroup;
			children = (
				0CF72A9E2841712200BA08B2 /* AnasayfaProtocols.swift */,
			);
			path = protocols;
			sourceTree = "<group>";
		};
		0CF72A9A284170FD00BA08B2 /* router */ = {
			isa = PBXGroup;
			children = (
				0CF72ABE28425BD700BA08B2 /* AnasayfaRouter.swift */,
			);
			path = router;
			sourceTree = "<group>";
		};
		0CF72A9B2841710200BA08B2 /* interactor */ = {
			isa = PBXGroup;
			children = (
				0CF72ABC28425B5100BA08B2 /* AnasayfaInteractor.swift */,
			);
			path = interactor;
			sourceTree = "<group>";
		};
		0CF72A9C2841710B00BA08B2 /* presenter */ = {
			isa = PBXGroup;
			children = (
				0CF72ABA28425B0900BA08B2 /* AnasayfaPresenter.swift */,
			);
			path = presenter;
			sourceTree = "<group>";
		};
		0CF72A9D2841711000BA08B2 /* view */ = {
			isa = PBXGroup;
			children = (
				0CF72A66284150F300BA08B2 /* ViewController.swift */,
			);
			path = view;
			sourceTree = "<group>";
		};
		0CF72AA02841726000BA08B2 /* tableview */ = {
			isa = PBXGroup;
			children = (
				0CF72A94284152BC00BA08B2 /* UrunTableViewCell.swift */,
			);
			path = tableview;
			sourceTree = "<group>";
		};
		0CF72AA1284172A800BA08B2 /* detay-module */ = {
			isa = PBXGroup;
			children = (
				0CF72AA6284172DD00BA08B2 /* interactor */,
				0CF72AA5284172D600BA08B2 /* router */,
				0CF72AA4284172CE00BA08B2 /* protocols */,
				0CF72AA3284172C600BA08B2 /* presenter */,
				0CF72AA2284172C200BA08B2 /* view */,
			);
			path = "detay-module";
			sourceTree = "<group>";
		};
		0CF72AA2284172C200BA08B2 /* view */ = {
			isa = PBXGroup;
			children = (
				0CF72A962841688500BA08B2 /* DetayVC.swift */,
			);
			path = view;
			sourceTree = "<group>";
		};
		0CF72AA3284172C600BA08B2 /* presenter */ = {
			isa = PBXGroup;
			children = (
				0CF72AB8284244E400BA08B2 /* DetayPresenter.swift */,
			);
			path = presenter;
			sourceTree = "<group>";
		};
		0CF72AA4284172CE00BA08B2 /* protocols */ = {
			isa = PBXGroup;
			children = (
				0CF72AB6284244D700BA08B2 /* DetayProtocols.swift */,
			);
			path = protocols;
			sourceTree = "<group>";
		};
		0CF72AA5284172D600BA08B2 /* router */ = {
			isa = PBXGroup;
			children = (
				0CF72AB4284244C700BA08B2 /* DetayRouter.swift */,
			);
			path = router;
			sourceTree = "<group>";
		};
		0CF72AA6284172DD00BA08B2 /* interactor */ = {
			isa = PBXGroup;
			children = (
				0CF72AB2284243AD00BA08B2 /* DetayInteractor.swift */,
			);
			path = interactor;
			sourceTree = "<group>";
		};
		0CF72AA728422FE400BA08B2 /* sepet-module */ = {
			isa = PBXGroup;
			children = (
				0CF72AAD2842303200BA08B2 /* protocols */,
				0CF72AAC2842301900BA08B2 /* router */,
				0CF72AAB2842301200BA08B2 /* interactor */,
				0CF72AAA2842300C00BA08B2 /* presenter */,
				0CF72AA92842300800BA08B2 /* view */,
				0CF72AA82842300200BA08B2 /* tableview */,
			);
			path = "sepet-module";
			sourceTree = "<group>";
		};
		0CF72AA82842300200BA08B2 /* tableview */ = {
			isa = PBXGroup;
			children = (
				0CF72AD128429C2400BA08B2 /* SepetTableViewCell.swift */,
			);
			path = tableview;
			sourceTree = "<group>";
		};
		0CF72AA92842300800BA08B2 /* view */ = {
			isa = PBXGroup;
			children = (
				0CF72AB02842325500BA08B2 /* SepetVC.swift */,
			);
			path = view;
			sourceTree = "<group>";
		};
		0CF72AAA2842300C00BA08B2 /* presenter */ = {
			isa = PBXGroup;
			children = (
				0CF72ACB28428F9100BA08B2 /* SepetPresenter.swift */,
			);
			path = presenter;
			sourceTree = "<group>";
		};
		0CF72AAB2842301200BA08B2 /* interactor */ = {
			isa = PBXGroup;
			children = (
				0CF72AC72842890B00BA08B2 /* SepetInteractor.swift */,
			);
			path = interactor;
			sourceTree = "<group>";
		};
		0CF72AAC2842301900BA08B2 /* router */ = {
			isa = PBXGroup;
			children = (
				0CF72AC928428A4200BA08B2 /* SepetRouter.swift */,
			);
			path = router;
			sourceTree = "<group>";
		};
		0CF72AAD2842303200BA08B2 /* protocols */ = {
			isa = PBXGroup;
			children = (
				0CF72AAE2842311F00BA08B2 /* SepetProtocols.swift */,
			);
			path = protocols;
			sourceTree = "<group>";
		};
		0CF72AC2284274C700BA08B2 /* entity */ = {
			isa = PBXGroup;
			children = (
				0CF72A922841512000BA08B2 /* Yemekler.swift */,
				0CF72AC02842610800BA08B2 /* YemeklerCevap.swift */,
				0CF72AC32842751200BA08B2 /* Sepet_Yemekler.swift */,
				0CF72AC52842752300BA08B2 /* Sepet_YemeklerCevap.swift */,
			);
			path = entity;
			sourceTree = "<group>";
		};
/* End PBXGroup section */

/* Begin PBXNativeTarget section */
		0CF72A5E284150F300BA08B2 /* DetayliTableViewKullanimi */ = {
			isa = PBXNativeTarget;
			buildConfigurationList = 0CF72A89284150F800BA08B2 /* Build configuration list for PBXNativeTarget "DetayliTableViewKullanimi" */;
			buildPhases = (
				0CF72A5B284150F300BA08B2 /* Sources */,
				0CF72A5C284150F300BA08B2 /* Frameworks */,
				0CF72A5D284150F300BA08B2 /* Resources */,
			);
			buildRules = (
			);
			dependencies = (
			);
			name = DetayliTableViewKullanimi;
			packageProductDependencies = (
				0CF72AD52842AEF700BA08B2 /* Kingfisher */,
			);
			productName = DetayliTableViewKullanimi;
			productReference = 0CF72A5F284150F300BA08B2 /* DetayliTableViewKullanimi.app */;
			productType = "com.apple.product-type.application";
		};
		0CF72A74284150F800BA08B2 /* DetayliTableViewKullanimiTests */ = {
			isa = PBXNativeTarget;
			buildConfigurationList = 0CF72A8C284150F800BA08B2 /* Build configuration list for PBXNativeTarget "DetayliTableViewKullanimiTests" */;
			buildPhases = (
				0CF72A71284150F800BA08B2 /* Sources */,
				0CF72A72284150F800BA08B2 /* Frameworks */,
				0CF72A73284150F800BA08B2 /* Resources */,
			);
			buildRules = (
			);
			dependencies = (
				0CF72A77284150F800BA08B2 /* PBXTargetDependency */,
			);
			name = DetayliTableViewKullanimiTests;
			productName = DetayliTableViewKullanimiTests;
			productReference = 0CF72A75284150F800BA08B2 /* DetayliTableViewKullanimiTests.xctest */;
			productType = "com.apple.product-type.bundle.unit-test";
		};
		0CF72A7E284150F800BA08B2 /* DetayliTableViewKullanimiUITests */ = {
			isa = PBXNativeTarget;
			buildConfigurationList = 0CF72A8F284150F800BA08B2 /* Build configuration list for PBXNativeTarget "DetayliTableViewKullanimiUITests" */;
			buildPhases = (
				0CF72A7B284150F800BA08B2 /* Sources */,
				0CF72A7C284150F800BA08B2 /* Frameworks */,
				0CF72A7D284150F800BA08B2 /* Resources */,
			);
			buildRules = (
			);
			dependencies = (
				0CF72A81284150F800BA08B2 /* PBXTargetDependency */,
			);
			name = DetayliTableViewKullanimiUITests;
			productName = DetayliTableViewKullanimiUITests;
			productReference = 0CF72A7F284150F800BA08B2 /* DetayliTableViewKullanimiUITests.xctest */;
			productType = "com.apple.product-type.bundle.ui-testing";
		};
/* End PBXNativeTarget section */

/* Begin PBXProject section */
		0CF72A57284150F300BA08B2 /* Project object */ = {
			isa = PBXProject;
			attributes = {
				BuildIndependentTargetsInParallel = 1;
				LastSwiftUpdateCheck = 1330;
				LastUpgradeCheck = 1330;
				TargetAttributes = {
					0CF72A5E284150F300BA08B2 = {
						CreatedOnToolsVersion = 13.3;
					};
					0CF72A74284150F800BA08B2 = {
						CreatedOnToolsVersion = 13.3;
						TestTargetID = 0CF72A5E284150F300BA08B2;
					};
					0CF72A7E284150F800BA08B2 = {
						CreatedOnToolsVersion = 13.3;
						TestTargetID = 0CF72A5E284150F300BA08B2;
					};
				};
			};
			buildConfigurationList = 0CF72A5A284150F300BA08B2 /* Build configuration list for PBXProject "DetayliTableViewKullanimi" */;
			compatibilityVersion = "Xcode 13.0";
			developmentRegion = en;
			hasScannedForEncodings = 0;
			knownRegions = (
				en,
				Base,
			);
			mainGroup = 0CF72A56284150F300BA08B2;
			packageReferences = (
				0CF72AD42842AEF600BA08B2 /* XCRemoteSwiftPackageReference "Kingfisher" */,
			);
			productRefGroup = 0CF72A60284150F300BA08B2 /* Products */;
			projectDirPath = "";
			projectRoot = "";
			targets = (
				0CF72A5E284150F300BA08B2 /* DetayliTableViewKullanimi */,
				0CF72A74284150F800BA08B2 /* DetayliTableViewKullanimiTests */,
				0CF72A7E284150F800BA08B2 /* DetayliTableViewKullanimiUITests */,
			);
		};
/* End PBXProject section */

/* Begin PBXResourcesBuildPhase section */
		0CF72A5D284150F300BA08B2 /* Resources */ = {
			isa = PBXResourcesBuildPhase;
			buildActionMask = 2147483647;
			files = (
				0CF72A6F284150F700BA08B2 /* LaunchScreen.storyboard in Resources */,
				0CF72A6C284150F700BA08B2 /* Assets.xcassets in Resources */,
				0CF72A6A284150F300BA08B2 /* Main.storyboard in Resources */,
			);
			runOnlyForDeploymentPostprocessing = 0;
		};
		0CF72A73284150F800BA08B2 /* Resources */ = {
			isa = PBXResourcesBuildPhase;
			buildActionMask = 2147483647;
			files = (
			);
			runOnlyForDeploymentPostprocessing = 0;
		};
		0CF72A7D284150F800BA08B2 /* Resources */ = {
			isa = PBXResourcesBuildPhase;
			buildActionMask = 2147483647;
			files = (
			);
			runOnlyForDeploymentPostprocessing = 0;
		};
/* End PBXResourcesBuildPhase section */

/* Begin PBXSourcesBuildPhase section */
		0CF72A5B284150F300BA08B2 /* Sources */ = {
			isa = PBXSourcesBuildPhase;
			buildActionMask = 2147483647;
			files = (
				0CF72ACC28428F9100BA08B2 /* SepetPresenter.swift in Sources */,
				0CF72ABB28425B0900BA08B2 /* AnasayfaPresenter.swift in Sources */,
				0CF72AC62842752300BA08B2 /* Sepet_YemeklerCevap.swift in Sources */,
				0CF72AB3284243AE00BA08B2 /* DetayInteractor.swift in Sources */,
				0CF72A972841688500BA08B2 /* DetayVC.swift in Sources */,
				0CF72ABD28425B5100BA08B2 /* AnasayfaInteractor.swift in Sources */,
				0CF72AD228429C2400BA08B2 /* SepetTableViewCell.swift in Sources */,
				0CF72ABF28425BD700BA08B2 /* AnasayfaRouter.swift in Sources */,
				0CF72A67284150F300BA08B2 /* ViewController.swift in Sources */,
				0CF72ACA28428A4200BA08B2 /* SepetRouter.swift in Sources */,
				0CF72A9F2841712200BA08B2 /* AnasayfaProtocols.swift in Sources */,
				0CF72A932841512000BA08B2 /* Yemekler.swift in Sources */,
				0CF72A63284150F300BA08B2 /* AppDelegate.swift in Sources */,
				0CF72AB12842325500BA08B2 /* SepetVC.swift in Sources */,
				0CF72AAF2842311F00BA08B2 /* SepetProtocols.swift in Sources */,
				0CF72AB9284244E400BA08B2 /* DetayPresenter.swift in Sources */,
				0CF72AB7284244D700BA08B2 /* DetayProtocols.swift in Sources */,
				0CF72AC42842751200BA08B2 /* Sepet_Yemekler.swift in Sources */,
				0CF72AC12842610800BA08B2 /* YemeklerCevap.swift in Sources */,
				0CF72AC82842890B00BA08B2 /* SepetInteractor.swift in Sources */,
				0CF72A65284150F300BA08B2 /* SceneDelegate.swift in Sources */,
				0CF72A95284152BC00BA08B2 /* UrunTableViewCell.swift in Sources */,
				0CF72AB5284244C700BA08B2 /* DetayRouter.swift in Sources */,
			);
			runOnlyForDeploymentPostprocessing = 0;
		};
		0CF72A71284150F800BA08B2 /* Sources */ = {
			isa = PBXSourcesBuildPhase;
			buildActionMask = 2147483647;
			files = (
				0CF72A7A284150F800BA08B2 /* DetayliTableViewKullanimiTests.swift in Sources */,
			);
			runOnlyForDeploymentPostprocessing = 0;
		};
		0CF72A7B284150F800BA08B2 /* Sources */ = {
			isa = PBXSourcesBuildPhase;
			buildActionMask = 2147483647;
			files = (
				0CF72A86284150F800BA08B2 /* DetayliTableViewKullanimiUITestsLaunchTests.swift in Sources */,
				0CF72A84284150F800BA08B2 /* DetayliTableViewKullanimiUITests.swift in Sources */,
			);
			runOnlyForDeploymentPostprocessing = 0;
		};
/* End PBXSourcesBuildPhase section */

/* Begin PBXTargetDependency section */
		0CF72A77284150F800BA08B2 /* PBXTargetDependency */ = {
			isa = PBXTargetDependency;
			target = 0CF72A5E284150F300BA08B2 /* DetayliTableViewKullanimi */;
			targetProxy = 0CF72A76284150F800BA08B2 /* PBXContainerItemProxy */;
		};
		0CF72A81284150F800BA08B2 /* PBXTargetDependency */ = {
			isa = PBXTargetDependency;
			target = 0CF72A5E284150F300BA08B2 /* DetayliTableViewKullanimi */;
			targetProxy = 0CF72A80284150F800BA08B2 /* PBXContainerItemProxy */;
		};
/* End PBXTargetDependency section */

/* Begin PBXVariantGroup section */
		0CF72A68284150F300BA08B2 /* Main.storyboard */ = {
			isa = PBXVariantGroup;
			children = (
				0CF72A69284150F300BA08B2 /* Base */,
			);
			name = Main.storyboard;
			sourceTree = "<group>";
		};
		0CF72A6D284150F700BA08B2 /* LaunchScreen.storyboard */ = {
			isa = PBXVariantGroup;
			children = (
				0CF72A6E284150F700BA08B2 /* Base */,
			);
			name = LaunchScreen.storyboard;
			sourceTree = "<group>";
		};
/* End PBXVariantGroup section */

/* Begin XCBuildConfiguration section */
		0CF72A87284150F800BA08B2 /* Debug */ = {
			isa = XCBuildConfiguration;
			buildSettings = {
				ALWAYS_SEARCH_USER_PATHS = NO;
				CLANG_ANALYZER_NONNULL = YES;
				CLANG_ANALYZER_NUMBER_OBJECT_CONVERSION = YES_AGGRESSIVE;
				CLANG_CXX_LANGUAGE_STANDARD = "gnu++17";
				CLANG_ENABLE_MODULES = YES;
				CLANG_ENABLE_OBJC_ARC = YES;
				CLANG_ENABLE_OBJC_WEAK = YES;
				CLANG_WARN_BLOCK_CAPTURE_AUTORELEASING = YES;
				CLANG_WARN_BOOL_CONVERSION = YES;
				CLANG_WARN_COMMA = YES;
				CLANG_WARN_CONSTANT_CONVERSION = YES;
				CLANG_WARN_DEPRECATED_OBJC_IMPLEMENTATIONS = YES;
				CLANG_WARN_DIRECT_OBJC_ISA_USAGE = YES_ERROR;
				CLANG_WARN_DOCUMENTATION_COMMENTS = YES;
				CLANG_WARN_EMPTY_BODY = YES;
				CLANG_WARN_ENUM_CONVERSION = YES;
				CLANG_WARN_INFINITE_RECURSION = YES;
				CLANG_WARN_INT_CONVERSION = YES;
				CLANG_WARN_NON_LITERAL_NULL_CONVERSION = YES;
				CLANG_WARN_OBJC_IMPLICIT_RETAIN_SELF = YES;
				CLANG_WARN_OBJC_LITERAL_CONVERSION = YES;
				CLANG_WARN_OBJC_ROOT_CLASS = YES_ERROR;
				CLANG_WARN_QUOTED_INCLUDE_IN_FRAMEWORK_HEADER = YES;
				CLANG_WARN_RANGE_LOOP_ANALYSIS = YES;
				CLANG_WARN_STRICT_PROTOTYPES = YES;
				CLANG_WARN_SUSPICIOUS_MOVE = YES;
				CLANG_WARN_UNGUARDED_AVAILABILITY = YES_AGGRESSIVE;
				CLANG_WARN_UNREACHABLE_CODE = YES;
				CLANG_WARN__DUPLICATE_METHOD_MATCH = YES;
				COPY_PHASE_STRIP = NO;
				DEBUG_INFORMATION_FORMAT = dwarf;
				ENABLE_STRICT_OBJC_MSGSEND = YES;
				ENABLE_TESTABILITY = YES;
				GCC_C_LANGUAGE_STANDARD = gnu11;
				GCC_DYNAMIC_NO_PIC = NO;
				GCC_NO_COMMON_BLOCKS = YES;
				GCC_OPTIMIZATION_LEVEL = 0;
				GCC_PREPROCESSOR_DEFINITIONS = (
					"DEBUG=1",
					"$(inherited)",
				);
				GCC_WARN_64_TO_32_BIT_CONVERSION = YES;
				GCC_WARN_ABOUT_RETURN_TYPE = YES_ERROR;
				GCC_WARN_UNDECLARED_SELECTOR = YES;
				GCC_WARN_UNINITIALIZED_AUTOS = YES_AGGRESSIVE;
				GCC_WARN_UNUSED_FUNCTION = YES;
				GCC_WARN_UNUSED_VARIABLE = YES;
				IPHONEOS_DEPLOYMENT_TARGET = 15.4;
				MTL_ENABLE_DEBUG_INFO = INCLUDE_SOURCE;
				MTL_FAST_MATH = YES;
				ONLY_ACTIVE_ARCH = YES;
				SDKROOT = iphoneos;
				SWIFT_ACTIVE_COMPILATION_CONDITIONS = DEBUG;
				SWIFT_OPTIMIZATION_LEVEL = "-Onone";
			};
			name = Debug;
		};
		0CF72A88284150F800BA08B2 /* Release */ = {
			isa = XCBuildConfiguration;
			buildSettings = {
				ALWAYS_SEARCH_USER_PATHS = NO;
				CLANG_ANALYZER_NONNULL = YES;
				CLANG_ANALYZER_NUMBER_OBJECT_CONVERSION = YES_AGGRESSIVE;
				CLANG_CXX_LANGUAGE_STANDARD = "gnu++17";
				CLANG_ENABLE_MODULES = YES;
				CLANG_ENABLE_OBJC_ARC = YES;
				CLANG_ENABLE_OBJC_WEAK = YES;
				CLANG_WARN_BLOCK_CAPTURE_AUTORELEASING = YES;
				CLANG_WARN_BOOL_CONVERSION = YES;
				CLANG_WARN_COMMA = YES;
				CLANG_WARN_CONSTANT_CONVERSION = YES;
				CLANG_WARN_DEPRECATED_OBJC_IMPLEMENTATIONS = YES;
				CLANG_WARN_DIRECT_OBJC_ISA_USAGE = YES_ERROR;
				CLANG_WARN_DOCUMENTATION_COMMENTS = YES;
				CLANG_WARN_EMPTY_BODY = YES;
				CLANG_WARN_ENUM_CONVERSION = YES;
				CLANG_WARN_INFINITE_RECURSION = YES;
				CLANG_WARN_INT_CONVERSION = YES;
				CLANG_WARN_NON_LITERAL_NULL_CONVERSION = YES;
				CLANG_WARN_OBJC_IMPLICIT_RETAIN_SELF = YES;
				CLANG_WARN_OBJC_LITERAL_CONVERSION = YES;
				CLANG_WARN_OBJC_ROOT_CLASS = YES_ERROR;
				CLANG_WARN_QUOTED_INCLUDE_IN_FRAMEWORK_HEADER = YES;
				CLANG_WARN_RANGE_LOOP_ANALYSIS = YES;
				CLANG_WARN_STRICT_PROTOTYPES = YES;
				CLANG_WARN_SUSPICIOUS_MOVE = YES;
				CLANG_WARN_UNGUARDED_AVAILABILITY = YES_AGGRESSIVE;
				CLANG_WARN_UNREACHABLE_CODE = YES;
				CLANG_WARN__DUPLICATE_METHOD_MATCH = YES;
				COPY_PHASE_STRIP = NO;
				DEBUG_INFORMATION_FORMAT = "dwarf-with-dsym";
				ENABLE_NS_ASSERTIONS = NO;
				ENABLE_STRICT_OBJC_MSGSEND = YES;
				GCC_C_LANGUAGE_STANDARD = gnu11;
				GCC_NO_COMMON_BLOCKS = YES;
				GCC_WARN_64_TO_32_BIT_CONVERSION = YES;
				GCC_WARN_ABOUT_RETURN_TYPE = YES_ERROR;
				GCC_WARN_UNDECLARED_SELECTOR = YES;
				GCC_WARN_UNINITIALIZED_AUTOS = YES_AGGRESSIVE;
				GCC_WARN_UNUSED_FUNCTION = YES;
				GCC_WARN_UNUSED_VARIABLE = YES;
				IPHONEOS_DEPLOYMENT_TARGET = 15.4;
				MTL_ENABLE_DEBUG_INFO = NO;
				MTL_FAST_MATH = YES;
				SDKROOT = iphoneos;
				SWIFT_COMPILATION_MODE = wholemodule;
				SWIFT_OPTIMIZATION_LEVEL = "-O";
				VALIDATE_PRODUCT = YES;
			};
			name = Release;
		};
		0CF72A8A284150F800BA08B2 /* Debug */ = {
			isa = XCBuildConfiguration;
			buildSettings = {
				ASSETCATALOG_COMPILER_APPICON_NAME = AppIcon;
				ASSETCATALOG_COMPILER_GLOBAL_ACCENT_COLOR_NAME = AccentColor;
				CODE_SIGN_STYLE = Automatic;
				CURRENT_PROJECT_VERSION = 1;
				GENERATE_INFOPLIST_FILE = YES;
				INFOPLIST_FILE = DetayliTableViewKullanimi/Info.plist;
				INFOPLIST_KEY_UIApplicationSupportsIndirectInputEvents = YES;
				INFOPLIST_KEY_UILaunchStoryboardName = LaunchScreen;
				INFOPLIST_KEY_UIMainStoryboardFile = Main;
				INFOPLIST_KEY_UISupportedInterfaceOrientations_iPad = "UIInterfaceOrientationPortrait UIInterfaceOrientationPortraitUpsideDown UIInterfaceOrientationLandscapeLeft UIInterfaceOrientationLandscapeRight";
				INFOPLIST_KEY_UISupportedInterfaceOrientations_iPhone = "UIInterfaceOrientationPortrait UIInterfaceOrientationLandscapeLeft UIInterfaceOrientationLandscapeRight";
				LD_RUNPATH_SEARCH_PATHS = (
					"$(inherited)",
					"@executable_path/Frameworks",
				);
				MARKETING_VERSION = 1.0;
				PRODUCT_BUNDLE_IDENTIFIER = com.info.DetayliTableViewKullanimi;
				PRODUCT_NAME = "$(TARGET_NAME)";
				SWIFT_EMIT_LOC_STRINGS = YES;
				SWIFT_VERSION = 5.0;
				TARGETED_DEVICE_FAMILY = "1,2";
			};
			name = Debug;
		};
		0CF72A8B284150F800BA08B2 /* Release */ = {
			isa = XCBuildConfiguration;
			buildSettings = {
				ASSETCATALOG_COMPILER_APPICON_NAME = AppIcon;
				ASSETCATALOG_COMPILER_GLOBAL_ACCENT_COLOR_NAME = AccentColor;
				CODE_SIGN_STYLE = Automatic;
				CURRENT_PROJECT_VERSION = 1;
				GENERATE_INFOPLIST_FILE = YES;
				INFOPLIST_FILE = DetayliTableViewKullanimi/Info.plist;
				INFOPLIST_KEY_UIApplicationSupportsIndirectInputEvents = YES;
				INFOPLIST_KEY_UILaunchStoryboardName = LaunchScreen;
				INFOPLIST_KEY_UIMainStoryboardFile = Main;
				INFOPLIST_KEY_UISupportedInterfaceOrientations_iPad = "UIInterfaceOrientationPortrait UIInterfaceOrientationPortraitUpsideDown UIInterfaceOrientationLandscapeLeft UIInterfaceOrientationLandscapeRight";
				INFOPLIST_KEY_UISupportedInterfaceOrientations_iPhone = "UIInterfaceOrientationPortrait UIInterfaceOrientationLandscapeLeft UIInterfaceOrientationLandscapeRight";
				LD_RUNPATH_SEARCH_PATHS = (
					"$(inherited)",
					"@executable_path/Frameworks",
				);
				MARKETING_VERSION = 1.0;
				PRODUCT_BUNDLE_IDENTIFIER = com.info.DetayliTableViewKullanimi;
				PRODUCT_NAME = "$(TARGET_NAME)";
				SWIFT_EMIT_LOC_STRINGS = YES;
				SWIFT_VERSION = 5.0;
				TARGETED_DEVICE_FAMILY = "1,2";
			};
			name = Release;
		};
		0CF72A8D284150F800BA08B2 /* Debug */ = {
			isa = XCBuildConfiguration;
			buildSettings = {
				ALWAYS_EMBED_SWIFT_STANDARD_LIBRARIES = YES;
				BUNDLE_LOADER = "$(TEST_HOST)";
				CODE_SIGN_STYLE = Automatic;
				CURRENT_PROJECT_VERSION = 1;
				GENERATE_INFOPLIST_FILE = YES;
				IPHONEOS_DEPLOYMENT_TARGET = 15.4;
				MARKETING_VERSION = 1.0;
				PRODUCT_BUNDLE_IDENTIFIER = com.info.DetayliTableViewKullanimiTests;
				PRODUCT_NAME = "$(TARGET_NAME)";
				SWIFT_EMIT_LOC_STRINGS = NO;
				SWIFT_VERSION = 5.0;
				TARGETED_DEVICE_FAMILY = "1,2";
				TEST_HOST = "$(BUILT_PRODUCTS_DIR)/DetayliTableViewKullanimi.app/DetayliTableViewKullanimi";
			};
			name = Debug;
		};
		0CF72A8E284150F800BA08B2 /* Release */ = {
			isa = XCBuildConfiguration;
			buildSettings = {
				ALWAYS_EMBED_SWIFT_STANDARD_LIBRARIES = YES;
				BUNDLE_LOADER = "$(TEST_HOST)";
				CODE_SIGN_STYLE = Automatic;
				CURRENT_PROJECT_VERSION = 1;
				GENERATE_INFOPLIST_FILE = YES;
				IPHONEOS_DEPLOYMENT_TARGET = 15.4;
				MARKETING_VERSION = 1.0;
				PRODUCT_BUNDLE_IDENTIFIER = com.info.DetayliTableViewKullanimiTests;
				PRODUCT_NAME = "$(TARGET_NAME)";
				SWIFT_EMIT_LOC_STRINGS = NO;
				SWIFT_VERSION = 5.0;
				TARGETED_DEVICE_FAMILY = "1,2";
				TEST_HOST = "$(BUILT_PRODUCTS_DIR)/DetayliTableViewKullanimi.app/DetayliTableViewKullanimi";
			};
			name = Release;
		};
		0CF72A90284150F800BA08B2 /* Debug */ = {
			isa = XCBuildConfiguration;
			buildSettings = {
				ALWAYS_EMBED_SWIFT_STANDARD_LIBRARIES = YES;
				CODE_SIGN_STYLE = Automatic;
				CURRENT_PROJECT_VERSION = 1;
				GENERATE_INFOPLIST_FILE = YES;
				MARKETING_VERSION = 1.0;
				PRODUCT_BUNDLE_IDENTIFIER = com.info.DetayliTableViewKullanimiUITests;
				PRODUCT_NAME = "$(TARGET_NAME)";
				SWIFT_EMIT_LOC_STRINGS = NO;
				SWIFT_VERSION = 5.0;
				TARGETED_DEVICE_FAMILY = "1,2";
				TEST_TARGET_NAME = DetayliTableViewKullanimi;
			};
			name = Debug;
		};
		0CF72A91284150F800BA08B2 /* Release */ = {
			isa = XCBuildConfiguration;
			buildSettings = {
				ALWAYS_EMBED_SWIFT_STANDARD_LIBRARIES = YES;
				CODE_SIGN_STYLE = Automatic;
				CURRENT_PROJECT_VERSION = 1;
				GENERATE_INFOPLIST_FILE = YES;
				MARKETING_VERSION = 1.0;
				PRODUCT_BUNDLE_IDENTIFIER = com.info.DetayliTableViewKullanimiUITests;
				PRODUCT_NAME = "$(TARGET_NAME)";
				SWIFT_EMIT_LOC_STRINGS = NO;
				SWIFT_VERSION = 5.0;
				TARGETED_DEVICE_FAMILY = "1,2";
				TEST_TARGET_NAME = DetayliTableViewKullanimi;
			};
			name = Release;
		};
/* End XCBuildConfiguration section */

/* Begin XCConfigurationList section */
		0CF72A5A284150F300BA08B2 /* Build configuration list for PBXProject "DetayliTableViewKullanimi" */ = {
			isa = XCConfigurationList;
			buildConfigurations = (
				0CF72A87284150F800BA08B2 /* Debug */,
				0CF72A88284150F800BA08B2 /* Release */,
			);
			defaultConfigurationIsVisible = 0;
			defaultConfigurationName = Release;
		};
		0CF72A89284150F800BA08B2 /* Build configuration list for PBXNativeTarget "DetayliTableViewKullanimi" */ = {
			isa = XCConfigurationList;
			buildConfigurations = (
				0CF72A8A284150F800BA08B2 /* Debug */,
				0CF72A8B284150F800BA08B2 /* Release */,
			);
			defaultConfigurationIsVisible = 0;
			defaultConfigurationName = Release;
		};
		0CF72A8C284150F800BA08B2 /* Build configuration list for PBXNativeTarget "DetayliTableViewKullanimiTests" */ = {
			isa = XCConfigurationList;
			buildConfigurations = (
				0CF72A8D284150F800BA08B2 /* Debug */,
				0CF72A8E284150F800BA08B2 /* Release */,
			);
			defaultConfigurationIsVisible = 0;
			defaultConfigurationName = Release;
		};
		0CF72A8F284150F800BA08B2 /* Build configuration list for PBXNativeTarget "DetayliTableViewKullanimiUITests" */ = {
			isa = XCConfigurationList;
			buildConfigurations = (
				0CF72A90284150F800BA08B2 /* Debug */,
				0CF72A91284150F800BA08B2 /* Release */,
			);
			defaultConfigurationIsVisible = 0;
			defaultConfigurationName = Release;
		};
/* End XCConfigurationList section */

/* Begin XCRemoteSwiftPackageReference section */
		0CF72AD42842AEF600BA08B2 /* XCRemoteSwiftPackageReference "Kingfisher" */ = {
			isa = XCRemoteSwiftPackageReference;
			repositoryURL = "https://github.com/onevcat/Kingfisher.git";
			requirement = {
				kind = upToNextMajorVersion;
				minimumVersion = 7.0.0;
			};
		};
/* End XCRemoteSwiftPackageReference section */

/* Begin XCSwiftPackageProductDependency section */
		0CF72AD52842AEF700BA08B2 /* Kingfisher */ = {
			isa = XCSwiftPackageProductDependency;
			package = 0CF72AD42842AEF600BA08B2 /* XCRemoteSwiftPackageReference "Kingfisher" */;
			productName = Kingfisher;
		};
/* End XCSwiftPackageProductDependency section */
	};
	rootObject = 0CF72A57284150F300BA08B2 /* Project object */;
}
